
Microsoft Visual Studio Solution File, Format Version 12.00
# Visual Studio Version 17
VisualStudioVersion = 17.9.34622.214
MinimumVisualStudioVersion = 10.0.40219.1
Project("{FAE04EC0-301F-11D3-BF4B-00C04F79EFBC}") = "RegexEngineer", "RegexEngineer\RegexEngineer.csproj", "{E6BEF064-4695-4A1F-9C9E-0D037FF50B20}"
EndProject
Global
	GlobalSection(SolutionConfigurationPlatforms) = preSolution
		Debug|Any CPU = Debug|Any CPU
		Release|Any CPU = Release|Any CPU
	EndGlobalSection
	GlobalSection(ProjectConfigurationPlatforms) = postSolution
		{E6BEF064-4695-4A1F-9C9E-0D037FF50B20}.Debug|Any CPU.ActiveCfg = Debug|Any CPU
		{E6BEF064-4695-4A1F-9C9E-0D037FF50B20}.Debug|Any CPU.Build.0 = Debug|Any CPU
		{E6BEF064-4695-4A1F-9C9E-0D037FF50B20}.Release|Any CPU.ActiveCfg = Release|Any CPU
		{E6BEF064-4695-4A1F-9C9E-0D037FF50B20}.Release|Any CPU.Build.0 = Release|Any CPU
	EndGlobalSection
	GlobalSection(SolutionProperties) = preSolution
		HideSolutionNode = FALSE
	EndGlobalSection
	GlobalSection(ExtensibilityGlobals) = postSolution
		SolutionGuid = {76BC92DF-99BD-4CF8-94F6-3939E1FEC046}
	EndGlobalSection
EndGlobal
